
Microsoft Visual Studio Solution File, Format Version 12.00
# Visual Studio Version 16
VisualStudioVersion = 16.0.29911.84
MinimumVisualStudioVersion = 10.0.40219.1
Project("{FAE04EC0-301F-11D3-BF4B-00C04F79EFBC}") = "ConsoleApp1", "ConsoleApp1\ConsoleApp1.csproj", "{13BC5F32-263D-4678-96E2-E85F27F9FA05}"
EndProject
Global
	GlobalSection(SolutionConfigurationPlatforms) = preSolution
		Debug|Any CPU = Debug|Any CPU
		Release|Any CPU = Release|Any CPU
	EndGlobalSection
	GlobalSection(ProjectConfigurationPlatforms) = postSolution
		{13BC5F32-263D-4678-96E2-E85F27F9FA05}.Debug|Any CPU.ActiveCfg = Debug|Any CPU
		{13BC5F32-263D-4678-96E2-E85F27F9FA05}.Debug|Any CPU.Build.0 = Debug|Any CPU
		{13BC5F32-263D-4678-96E2-E85F27F9FA05}.Release|Any CPU.ActiveCfg = Release|Any CPU
		{13BC5F32-263D-4678-96E2-E85F27F9FA05}.Release|Any CPU.Build.0 = Release|Any CPU
	EndGlobalSection
	GlobalSection(SolutionProperties) = preSolution
		HideSolutionNode = FALSE
	EndGlobalSection
	GlobalSection(ExtensibilityGlobals) = postSolution
		SolutionGuid = {B56A4E0B-60EF-4407-B52C-6FD0C3189BA8}
	EndGlobalSection
EndGlobal
